
Microsoft Visual Studio Solution File, Format Version 12.00
# Visual Studio Version 17
VisualStudioVersion = 17.1.32421.90
MinimumVisualStudioVersion = 10.0.40219.1
Project("{9A19103F-16F7-4668-BE54-9A1E7A4F7556}") = "AnL", "AnL.csproj", "{AD31DF00-E215-49E9-9446-E4C459FCFC96}"
EndProject
Global
	GlobalSection(SolutionConfigurationPlatforms) = preSolution
		Debug|Any CPU = Debug|Any CPU
		Release|Any CPU = Release|Any CPU
	EndGlobalSection
	GlobalSection(ProjectConfigurationPlatforms) = postSolution
		{AD31DF00-E215-49E9-9446-E4C459FCFC96}.Debug|Any CPU.ActiveCfg = Debug|Any CPU
		{AD31DF00-E215-49E9-9446-E4C459FCFC96}.Debug|Any CPU.Build.0 = Debug|Any CPU
		{AD31DF00-E215-49E9-9446-E4C459FCFC96}.Release|Any CPU.ActiveCfg = Release|Any CPU
		{AD31DF00-E215-49E9-9446-E4C459FCFC96}.Release|Any CPU.Build.0 = Release|Any CPU
	EndGlobalSection
	GlobalSection(SolutionProperties) = preSolution
		HideSolutionNode = FALSE
	EndGlobalSection
	GlobalSection(ExtensibilityGlobals) = postSolution
		SolutionGuid = {BCC0C6FD-EBC3-4B85-9878-F78C62E3C8DA}
	EndGlobalSection
EndGlobal
